
Microsoft Visual Studio Solution File, Format Version 11.00
# Visual Studio 2010
Project("{FAE04EC0-301F-11D3-BF4B-00C04F79EFBC}") = "Dozens", "Dozens.csproj", "{D24B8188-E237-4332-BE7B-9561323DA2BF}"
EndProject
Project("{FAE04EC0-301F-11D3-BF4B-00C04F79EFBC}") = "Dozens.Test", "Dozens.Test\Dozens.Test.csproj", "{E480459B-35E9-4951-90F2-5A6DAA8164D2}"
EndProject
Project("{2150E333-8FDC-42A3-9474-1A3956D46DE8}") = "Solution Items", "Solution Items", "{B27A1980-2410-4C4C-8A51-1D031B1F1B69}"
	ProjectSection(SolutionItems) = preProject
		Dozens.vsmdi = Dozens.vsmdi
		Local.testsettings = Local.testsettings
		TraceAndTestImpact.testsettings = TraceAndTestImpact.testsettings
	EndProjectSection
EndProject
Global
	GlobalSection(TestCaseManagementSettings) = postSolution
		CategoryFile = Dozens.vsmdi
	EndGlobalSection
	GlobalSection(SolutionConfigurationPlatforms) = preSolution
		Debug|Any CPU = Debug|Any CPU
		Release|Any CPU = Release|Any CPU
	EndGlobalSection
	GlobalSection(ProjectConfigurationPlatforms) = postSolution
		{D24B8188-E237-4332-BE7B-9561323DA2BF}.Debug|Any CPU.ActiveCfg = Debug|Any CPU
		{D24B8188-E237-4332-BE7B-9561323DA2BF}.Debug|Any CPU.Build.0 = Debug|Any CPU
		{D24B8188-E237-4332-BE7B-9561323DA2BF}.Release|Any CPU.ActiveCfg = Release|Any CPU
		{D24B8188-E237-4332-BE7B-9561323DA2BF}.Release|Any CPU.Build.0 = Release|Any CPU
		{E480459B-35E9-4951-90F2-5A6DAA8164D2}.Debug|Any CPU.ActiveCfg = Debug|Any CPU
		{E480459B-35E9-4951-90F2-5A6DAA8164D2}.Debug|Any CPU.Build.0 = Debug|Any CPU
		{E480459B-35E9-4951-90F2-5A6DAA8164D2}.Release|Any CPU.ActiveCfg = Release|Any CPU
	EndGlobalSection
	GlobalSection(SolutionProperties) = preSolution
		HideSolutionNode = FALSE
	EndGlobalSection
EndGlobal
